
Microsoft Visual Studio Solution File, Format Version 12.00
# Visual Studio Version 16
VisualStudioVersion = 16.0.29201.188
MinimumVisualStudioVersion = 10.0.40219.1
Project("{FAE04EC0-301F-11D3-BF4B-00C04F79EFBC}") = "MelhorAmigo.UWP", "MelhorAmigo\MelhorAmigo.UWP\MelhorAmigo.UWP.csproj", "{0C334946-A79F-4B03-AEB6-CC903A08A56F}"
EndProject
Project("{FAE04EC0-301F-11D3-BF4B-00C04F79EFBC}") = "MelhorAmigo.Android", "MelhorAmigo\MelhorAmigo.Android\MelhorAmigo.Android.csproj", "{D8652E40-8CF0-4735-A6D0-C5004513E27E}"
EndProject
Project("{FAE04EC0-301F-11D3-BF4B-00C04F79EFBC}") = "MelhorAmigo.iOS", "MelhorAmigo\MelhorAmigo.iOS\MelhorAmigo.iOS.csproj", "{D3185B7E-E7AD-4E82-9832-B325AFDB0A51}"
EndProject
Project("{FAE04EC0-301F-11D3-BF4B-00C04F79EFBC}") = "MelhorAmigo", "MelhorAmigo\MelhorAmigo\MelhorAmigo.csproj", "{8850C542-EABF-4C5E-A4F8-23580FEAFD5E}"
EndProject
Global
	GlobalSection(SolutionConfigurationPlatforms) = preSolution
		Debug|Any CPU = Debug|Any CPU
		Debug|ARM = Debug|ARM
		Debug|iPhone = Debug|iPhone
		Debug|iPhoneSimulator = Debug|iPhoneSimulator
		Debug|x64 = Debug|x64
		Debug|x86 = Debug|x86
		Release|Any CPU = Release|Any CPU
		Release|ARM = Release|ARM
		Release|iPhone = Release|iPhone
		Release|iPhoneSimulator = Release|iPhoneSimulator
		Release|x64 = Release|x64
		Release|x86 = Release|x86
	EndGlobalSection
	GlobalSection(ProjectConfigurationPlatforms) = postSolution
		{0C334946-A79F-4B03-AEB6-CC903A08A56F}.Debug|Any CPU.ActiveCfg = Debug|x86
		{0C334946-A79F-4B03-AEB6-CC903A08A56F}.Debug|Any CPU.Build.0 = Debug|x86
		{0C334946-A79F-4B03-AEB6-CC903A08A56F}.Debug|Any CPU.Deploy.0 = Debug|x86
		{0C334946-A79F-4B03-AEB6-CC903A08A56F}.Debug|ARM.ActiveCfg = Debug|ARM
		{0C334946-A79F-4B03-AEB6-CC903A08A56F}.Debug|ARM.Build.0 = Debug|ARM
		{0C334946-A79F-4B03-AEB6-CC903A08A56F}.Debug|ARM.Deploy.0 = Debug|ARM
		{0C334946-A79F-4B03-AEB6-CC903A08A56F}.Debug|iPhone.ActiveCfg = Debug|x86
		{0C334946-A79F-4B03-AEB6-CC903A08A56F}.Debug|iPhone.Build.0 = Debug|x86
		{0C334946-A79F-4B03-AEB6-CC903A08A56F}.Debug|iPhone.Deploy.0 = Debug|x86
		{0C334946-A79F-4B03-AEB6-CC903A08A56F}.Debug|iPhoneSimulator.ActiveCfg = Debug|x86
		{0C334946-A79F-4B03-AEB6-CC903A08A56F}.Debug|iPhoneSimulator.Build.0 = Debug|x86
		{0C334946-A79F-4B03-AEB6-CC903A08A56F}.Debug|iPhoneSimulator.Deploy.0 = Debug|x86
		{0C334946-A79F-4B03-AEB6-CC903A08A56F}.Debug|x64.ActiveCfg = Debug|x64
		{0C334946-A79F-4B03-AEB6-CC903A08A56F}.Debug|x64.Build.0 = Debug|x64
		{0C334946-A79F-4B03-AEB6-CC903A08A56F}.Debug|x64.Deploy.0 = Debug|x64
		{0C334946-A79F-4B03-AEB6-CC903A08A56F}.Debug|x86.ActiveCfg = Debug|x86
		{0C334946-A79F-4B03-AEB6-CC903A08A56F}.Debug|x86.Build.0 = Debug|x86
		{0C334946-A79F-4B03-AEB6-CC903A08A56F}.Debug|x86.Deploy.0 = Debug|x86
		{0C334946-A79F-4B03-AEB6-CC903A08A56F}.Release|Any CPU.ActiveCfg = Release|x86
		{0C334946-A79F-4B03-AEB6-CC903A08A56F}.Release|Any CPU.Build.0 = Release|x86
		{0C334946-A79F-4B03-AEB6-CC903A08A56F}.Release|Any CPU.Deploy.0 = Release|x86
		{0C334946-A79F-4B03-AEB6-CC903A08A56F}.Release|ARM.ActiveCfg = Release|ARM
		{0C334946-A79F-4B03-AEB6-CC903A08A56F}.Release|ARM.Build.0 = Release|ARM
		{0C334946-A79F-4B03-AEB6-CC903A08A56F}.Release|ARM.Deploy.0 = Release|ARM
		{0C334946-A79F-4B03-AEB6-CC903A08A56F}.Release|iPhone.ActiveCfg = Release|x86
		{0C334946-A79F-4B03-AEB6-CC903A08A56F}.Release|iPhone.Build.0 = Release|x86
		{0C334946-A79F-4B03-AEB6-CC903A08A56F}.Release|iPhone.Deploy.0 = Release|x86
		{0C334946-A79F-4B03-AEB6-CC903A08A56F}.Release|iPhoneSimulator.ActiveCfg = Release|x86
		{0C334946-A79F-4B03-AEB6-CC903A08A56F}.Release|iPhoneSimulator.Build.0 = Release|x86
		{0C334946-A79F-4B03-AEB6-CC903A08A56F}.Release|iPhoneSimulator.Deploy.0 = Release|x86
		{0C334946-A79F-4B03-AEB6-CC903A08A56F}.Release|x64.ActiveCfg = Release|x64
		{0C334946-A79F-4B03-AEB6-CC903A08A56F}.Release|x64.Build.0 = Release|x64
		{0C334946-A79F-4B03-AEB6-CC903A08A56F}.Release|x64.Deploy.0 = Release|x64
		{0C334946-A79F-4B03-AEB6-CC903A08A56F}.Release|x86.ActiveCfg = Release|x86
		{0C334946-A79F-4B03-AEB6-CC903A08A56F}.Release|x86.Build.0 = Release|x86
		{0C334946-A79F-4B03-AEB6-CC903A08A56F}.Release|x86.Deploy.0 = Release|x86
		{D8652E40-8CF0-4735-A6D0-C5004513E27E}.Debug|Any CPU.ActiveCfg = Debug|Any CPU
		{D8652E40-8CF0-4735-A6D0-C5004513E27E}.Debug|Any CPU.Build.0 = Debug|Any CPU
		{D8652E40-8CF0-4735-A6D0-C5004513E27E}.Debug|Any CPU.Deploy.0 = Debug|Any CPU
		{D8652E40-8CF0-4735-A6D0-C5004513E27E}.Debug|ARM.ActiveCfg = Debug|Any CPU
		{D8652E40-8CF0-4735-A6D0-C5004513E27E}.Debug|ARM.Build.0 = Debug|Any CPU
		{D8652E40-8CF0-4735-A6D0-C5004513E27E}.Debug|ARM.Deploy.0 = Debug|Any CPU
		{D8652E40-8CF0-4735-A6D0-C5004513E27E}.Debug|iPhone.ActiveCfg = Debug|Any CPU
		{D8652E40-8CF0-4735-A6D0-C5004513E27E}.Debug|iPhone.Build.0 = Debug|Any CPU
		{D8652E40-8CF0-4735-A6D0-C5004513E27E}.Debug|iPhone.Deploy.0 = Debug|Any CPU
		{D8652E40-8CF0-4735-A6D0-C5004513E27E}.Debug|iPhoneSimulator.ActiveCfg = Debug|Any CPU
		{D8652E40-8CF0-4735-A6D0-C5004513E27E}.Debug|iPhoneSimulator.Build.0 = Debug|Any CPU
		{D8652E40-8CF0-4735-A6D0-C5004513E27E}.Debug|iPhoneSimulator.Deploy.0 = Debug|Any CPU
		{D8652E40-8CF0-4735-A6D0-C5004513E27E}.Debug|x64.ActiveCfg = Debug|Any CPU
		{D8652E40-8CF0-4735-A6D0-C5004513E27E}.Debug|x64.Build.0 = Debug|Any CPU
		{D8652E40-8CF0-4735-A6D0-C5004513E27E}.Debug|x64.Deploy.0 = Debug|Any CPU
		{D8652E40-8CF0-4735-A6D0-C5004513E27E}.Debug|x86.ActiveCfg = Debug|Any CPU
		{D8652E40-8CF0-4735-A6D0-C5004513E27E}.Debug|x86.Build.0 = Debug|Any CPU
		{D8652E40-8CF0-4735-A6D0-C5004513E27E}.Debug|x86.Deploy.0 = Debug|Any CPU
		{D8652E40-8CF0-4735-A6D0-C5004513E27E}.Release|Any CPU.ActiveCfg = Release|Any CPU
		{D8652E40-8CF0-4735-A6D0-C5004513E27E}.Release|Any CPU.Build.0 = Release|Any CPU
		{D8652E40-8CF0-4735-A6D0-C5004513E27E}.Release|Any CPU.Deploy.0 = Release|Any CPU
		{D8652E40-8CF0-4735-A6D0-C5004513E27E}.Release|ARM.ActiveCfg = Release|Any CPU
		{D8652E40-8CF0-4735-A6D0-C5004513E27E}.Release|ARM.Build.0 = Release|Any CPU
		{D8652E40-8CF0-4735-A6D0-C5004513E27E}.Release|ARM.Deploy.0 = Release|Any CPU
		{D8652E40-8CF0-4735-A6D0-C5004513E27E}.Release|iPhone.ActiveCfg = Release|Any CPU
		{D8652E40-8CF0-4735-A6D0-C5004513E27E}.Release|iPhone.Build.0 = Release|Any CPU
		{D8652E40-8CF0-4735-A6D0-C5004513E27E}.Release|iPhone.Deploy.0 = Release|Any CPU
		{D8652E40-8CF0-4735-A6D0-C5004513E27E}.Release|iPhoneSimulator.ActiveCfg = Release|Any CPU
		{D8652E40-8CF0-4735-A6D0-C5004513E27E}.Release|iPhoneSimulator.Build.0 = Release|Any CPU
		{D8652E40-8CF0-4735-A6D0-C5004513E27E}.Release|iPhoneSimulator.Deploy.0 = Release|Any CPU
		{D8652E40-8CF0-4735-A6D0-C5004513E27E}.Release|x64.ActiveCfg = Release|Any CPU
		{D8652E40-8CF0-4735-A6D0-C5004513E27E}.Release|x64.Build.0 = Release|Any CPU
		{D8652E40-8CF0-4735-A6D0-C5004513E27E}.Release|x64.Deploy.0 = Release|Any CPU
		{D8652E40-8CF0-4735-A6D0-C5004513E27E}.Release|x86.ActiveCfg = Release|Any CPU
		{D8652E40-8CF0-4735-A6D0-C5004513E27E}.Release|x86.Build.0 = Release|Any CPU
		{D8652E40-8CF0-4735-A6D0-C5004513E27E}.Release|x86.Deploy.0 = Release|Any CPU
		{D3185B7E-E7AD-4E82-9832-B325AFDB0A51}.Debug|Any CPU.ActiveCfg = Debug|iPhone
		{D3185B7E-E7AD-4E82-9832-B325AFDB0A51}.Debug|Any CPU.Build.0 = Debug|iPhone
		{D3185B7E-E7AD-4E82-9832-B325AFDB0A51}.Debug|Any CPU.Deploy.0 = Debug|iPhone
		{D3185B7E-E7AD-4E82-9832-B325AFDB0A51}.Debug|ARM.ActiveCfg = Debug|iPhoneSimulator
		{D3185B7E-E7AD-4E82-9832-B325AFDB0A51}.Debug|ARM.Build.0 = Debug|iPhoneSimulator
		{D3185B7E-E7AD-4E82-9832-B325AFDB0A51}.Debug|ARM.Deploy.0 = Debug|iPhoneSimulator
		{D3185B7E-E7AD-4E82-9832-B325AFDB0A51}.Debug|iPhone.ActiveCfg = Debug|iPhone
		{D3185B7E-E7AD-4E82-9832-B325AFDB0A51}.Debug|iPhone.Build.0 = Debug|iPhone
		{D3185B7E-E7AD-4E82-9832-B325AFDB0A51}.Debug|iPhone.Deploy.0 = Debug|iPhone
		{D3185B7E-E7AD-4E82-9832-B325AFDB0A51}.Debug|iPhoneSimulator.ActiveCfg = Debug|iPhoneSimulator
		{D3185B7E-E7AD-4E82-9832-B325AFDB0A51}.Debug|iPhoneSimulator.Build.0 = Debug|iPhoneSimulator
		{D3185B7E-E7AD-4E82-9832-B325AFDB0A51}.Debug|iPhoneSimulator.Deploy.0 = Debug|iPhoneSimulator
		{D3185B7E-E7AD-4E82-9832-B325AFDB0A51}.Debug|x64.ActiveCfg = Debug|iPhone
		{D3185B7E-E7AD-4E82-9832-B325AFDB0A51}.Debug|x64.Build.0 = Debug|iPhone
		{D3185B7E-E7AD-4E82-9832-B325AFDB0A51}.Debug|x64.Deploy.0 = Debug|iPhone
		{D3185B7E-E7AD-4E82-9832-B325AFDB0A51}.Debug|x86.ActiveCfg = Debug|iPhone
		{D3185B7E-E7AD-4E82-9832-B325AFDB0A51}.Debug|x86.Build.0 = Debug|iPhone
		{D3185B7E-E7AD-4E82-9832-B325AFDB0A51}.Debug|x86.Deploy.0 = Debug|iPhone
		{D3185B7E-E7AD-4E82-9832-B325AFDB0A51}.Release|Any CPU.ActiveCfg = Release|iPhone
		{D3185B7E-E7AD-4E82-9832-B325AFDB0A51}.Release|Any CPU.Build.0 = Release|iPhone
		{D3185B7E-E7AD-4E82-9832-B325AFDB0A51}.Release|Any CPU.Deploy.0 = Release|iPhone
		{D3185B7E-E7AD-4E82-9832-B325AFDB0A51}.Release|ARM.ActiveCfg = Release|iPhone
		{D3185B7E-E7AD-4E82-9832-B325AFDB0A51}.Release|ARM.Build.0 = Release|iPhone
		{D3185B7E-E7AD-4E82-9832-B325AFDB0A51}.Release|ARM.Deploy.0 = Release|iPhone
		{D3185B7E-E7AD-4E82-9832-B325AFDB0A51}.Release|iPhone.ActiveCfg = Release|iPhone
		{D3185B7E-E7AD-4E82-9832-B325AFDB0A51}.Release|iPhone.Build.0 = Release|iPhone
		{D3185B7E-E7AD-4E82-9832-B325AFDB0A51}.Release|iPhone.Deploy.0 = Release|iPhone
		{D3185B7E-E7AD-4E82-9832-B325AFDB0A51}.Release|iPhoneSimulator.ActiveCfg = Release|iPhoneSimulator
		{D3185B7E-E7AD-4E82-9832-B325AFDB0A51}.Release|iPhoneSimulator.Build.0 = Release|iPhoneSimulator
		{D3185B7E-E7AD-4E82-9832-B325AFDB0A51}.Release|iPhoneSimulator.Deploy.0 = Release|iPhoneSimulator
		{D3185B7E-E7AD-4E82-9832-B325AFDB0A51}.Release|x64.ActiveCfg = Release|iPhone
		{D3185B7E-E7AD-4E82-9832-B325AFDB0A51}.Release|x64.Build.0 = Release|iPhone
		{D3185B7E-E7AD-4E82-9832-B325AFDB0A51}.Release|x64.Deploy.0 = Release|iPhone
		{D3185B7E-E7AD-4E82-9832-B325AFDB0A51}.Release|x86.ActiveCfg = Release|iPhone
		{D3185B7E-E7AD-4E82-9832-B325AFDB0A51}.Release|x86.Build.0 = Release|iPhone
		{D3185B7E-E7AD-4E82-9832-B325AFDB0A51}.Release|x86.Deploy.0 = Release|iPhone
		{8850C542-EABF-4C5E-A4F8-23580FEAFD5E}.Debug|Any CPU.ActiveCfg = Debug|Any CPU
		{8850C542-EABF-4C5E-A4F8-23580FEAFD5E}.Debug|Any CPU.Build.0 = Debug|Any CPU
		{8850C542-EABF-4C5E-A4F8-23580FEAFD5E}.Debug|Any CPU.Deploy.0 = Debug|Any CPU
		{8850C542-EABF-4C5E-A4F8-23580FEAFD5E}.Debug|ARM.ActiveCfg = Debug|Any CPU
		{8850C542-EABF-4C5E-A4F8-23580FEAFD5E}.Debug|ARM.Build.0 = Debug|Any CPU
		{8850C542-EABF-4C5E-A4F8-23580FEAFD5E}.Debug|ARM.Deploy.0 = Debug|Any CPU
		{8850C542-EABF-4C5E-A4F8-23580FEAFD5E}.Debug|iPhone.ActiveCfg = Debug|Any CPU
		{8850C542-EABF-4C5E-A4F8-23580FEAFD5E}.Debug|iPhone.Build.0 = Debug|Any CPU
		{8850C542-EABF-4C5E-A4F8-23580FEAFD5E}.Debug|iPhone.Deploy.0 = Debug|Any CPU
		{8850C542-EABF-4C5E-A4F8-23580FEAFD5E}.Debug|iPhoneSimulator.ActiveCfg = Debug|Any CPU
		{8850C542-EABF-4C5E-A4F8-23580FEAFD5E}.Debug|iPhoneSimulator.Build.0 = Debug|Any CPU
		{8850C542-EABF-4C5E-A4F8-23580FEAFD5E}.Debug|iPhoneSimulator.Deploy.0 = Debug|Any CPU
		{8850C542-EABF-4C5E-A4F8-23580FEAFD5E}.Debug|x64.ActiveCfg = Debug|Any CPU
		{8850C542-EABF-4C5E-A4F8-23580FEAFD5E}.Debug|x64.Build.0 = Debug|Any CPU
		{8850C542-EABF-4C5E-A4F8-23580FEAFD5E}.Debug|x64.Deploy.0 = Debug|Any CPU
		{8850C542-EABF-4C5E-A4F8-23580FEAFD5E}.Debug|x86.ActiveCfg = Debug|Any CPU
		{8850C542-EABF-4C5E-A4F8-23580FEAFD5E}.Debug|x86.Build.0 = Debug|Any CPU
		{8850C542-EABF-4C5E-A4F8-23580FEAFD5E}.Debug|x86.Deploy.0 = Debug|Any CPU
		{8850C542-EABF-4C5E-A4F8-23580FEAFD5E}.Release|Any CPU.ActiveCfg = Release|Any CPU
		{8850C542-EABF-4C5E-A4F8-23580FEAFD5E}.Release|Any CPU.Build.0 = Release|Any CPU
		{8850C542-EABF-4C5E-A4F8-23580FEAFD5E}.Release|Any CPU.Deploy.0 = Release|Any CPU
		{8850C542-EABF-4C5E-A4F8-23580FEAFD5E}.Release|ARM.ActiveCfg = Release|Any CPU
		{8850C542-EABF-4C5E-A4F8-23580FEAFD5E}.Release|ARM.Build.0 = Release|Any CPU
		{8850C542-EABF-4C5E-A4F8-23580FEAFD5E}.Release|ARM.Deploy.0 = Release|Any CPU
		{8850C542-EABF-4C5E-A4F8-23580FEAFD5E}.Release|iPhone.ActiveCfg = Release|Any CPU
		{8850C542-EABF-4C5E-A4F8-23580FEAFD5E}.Release|iPhone.Build.0 = Release|Any CPU
		{8850C542-EABF-4C5E-A4F8-23580FEAFD5E}.Release|iPhone.Deploy.0 = Release|Any CPU
		{8850C542-EABF-4C5E-A4F8-23580FEAFD5E}.Release|iPhoneSimulator.ActiveCfg = Release|Any CPU
		{8850C542-EABF-4C5E-A4F8-23580FEAFD5E}.Release|iPhoneSimulator.Build.0 = Release|Any CPU
		{8850C542-EABF-4C5E-A4F8-23580FEAFD5E}.Release|iPhoneSimulator.Deploy.0 = Release|Any CPU
		{8850C542-EABF-4C5E-A4F8-23580FEAFD5E}.Release|x64.ActiveCfg = Release|Any CPU
		{8850C542-EABF-4C5E-A4F8-23580FEAFD5E}.Release|x64.Build.0 = Release|Any CPU
		{8850C542-EABF-4C5E-A4F8-23580FEAFD5E}.Release|x64.Deploy.0 = Release|Any CPU
		{8850C542-EABF-4C5E-A4F8-23580FEAFD5E}.Release|x86.ActiveCfg = Release|Any CPU
		{8850C542-EABF-4C5E-A4F8-23580FEAFD5E}.Release|x86.Build.0 = Release|Any CPU
		{8850C542-EABF-4C5E-A4F8-23580FEAFD5E}.Release|x86.Deploy.0 = Release|Any CPU
	EndGlobalSection
	GlobalSection(SolutionProperties) = preSolution
		HideSolutionNode = FALSE
	EndGlobalSection
	GlobalSection(ExtensibilityGlobals) = postSolution
		SolutionGuid = {8A0FF81D-96EE-4303-839E-4B74ACB17DE1}
	EndGlobalSection
EndGlobal
